{
  "name": "farsiscript",
  "version": "0.1.0",
  "lockfileVersion": 1,
  "requires": true,
  "dependencies": {
    "notify-send": {
      "version": "0.1.2",
      "resolved": "https://registry.npmjs.org/notify-send/-/notify-send-0.1.2.tgz",
      "integrity": "sha1-I8GXux6jSAXW2ad+YbQP124buAo="
    }
  }
}
